
Microsoft Visual Studio Solution File, Format Version 12.00
# Visual Studio Version 17
VisualStudioVersion = 17.2.32602.215
MinimumVisualStudioVersion = 10.0.40219.1
Project("{FAE04EC0-301F-11D3-BF4B-00C04F79EFBC}") = "Fast-Google-Email-Phone-Extract-With-Proxy-Pro", "Fast-Google-Email-Phone-Extract-With-Proxy-Pro\Fast-Google-Email-Phone-Extract-With-Proxy-Pro.csproj", "{4A08F19F-E4DB-4E03-8F37-E1C4DF2A0E01}"
EndProject
Global
	GlobalSection(SolutionConfigurationPlatforms) = preSolution
		Debug|Any CPU = Debug|Any CPU
		Release|Any CPU = Release|Any CPU
	EndGlobalSection
	GlobalSection(ProjectConfigurationPlatforms) = postSolution
		{4A08F19F-E4DB-4E03-8F37-E1C4DF2A0E01}.Debug|Any CPU.ActiveCfg = Debug|Any CPU
		{4A08F19F-E4DB-4E03-8F37-E1C4DF2A0E01}.Debug|Any CPU.Build.0 = Debug|Any CPU
		{4A08F19F-E4DB-4E03-8F37-E1C4DF2A0E01}.Release|Any CPU.ActiveCfg = Release|Any CPU
		{4A08F19F-E4DB-4E03-8F37-E1C4DF2A0E01}.Release|Any CPU.Build.0 = Release|Any CPU
	EndGlobalSection
	GlobalSection(SolutionProperties) = preSolution
		HideSolutionNode = FALSE
	EndGlobalSection
	GlobalSection(ExtensibilityGlobals) = postSolution
		SolutionGuid = {978D27AE-9D68-458A-BC73-3B92CABFCCCD}
	EndGlobalSection
EndGlobal
